dependencies:
- name: base-single-app
  repository: https://docs.communityhealthtoolkit.org/helm-charts
  version: 0.2.0
- name: base-single-app
  repository: https://docs.communityhealthtoolkit.org/helm-charts
  version: 0.2.0
- name: redis
  repository: https://charts.bitnami.com/bitnami
  version: 16.13.2
digest: sha256:7ab3acf9fe6ac215c38d90edfeed99afa631c929674aa923f2e607c63ce17c76
generated: "2024-10-27T21:42:14.879031-06:00"
